
Microsoft Visual Studio Solution File, Format Version 12.00
# Visual Studio Version 17
VisualStudioVersion = 17.14.37216.2 d17.14
MinimumVisualStudioVersion = 10.0.40219.1
Project("{FAE04EC0-301F-11D3-BF4B-00C04F79EFBC}") = "Gothic Remake Breaker", "Gothic Remake Breaker\Gothic Remake Breaker.csproj", "{6784AD81-269A-4265-9C9A-CAA0DACFE440}"
EndProject
Global
	GlobalSection(SolutionConfigurationPlatforms) = preSolution
		Debug|Any CPU = Debug|Any CPU
		Release|Any CPU = Release|Any CPU
	EndGlobalSection
	GlobalSection(ProjectConfigurationPlatforms) = postSolution
		{6784AD81-269A-4265-9C9A-CAA0DACFE440}.Debug|Any CPU.ActiveCfg = Debug|Any CPU
		{6784AD81-269A-4265-9C9A-CAA0DACFE440}.Debug|Any CPU.Build.0 = Debug|Any CPU
		{6784AD81-269A-4265-9C9A-CAA0DACFE440}.Release|Any CPU.ActiveCfg = Release|Any CPU
		{6784AD81-269A-4265-9C9A-CAA0DACFE440}.Release|Any CPU.Build.0 = Release|Any CPU
	EndGlobalSection
	GlobalSection(SolutionProperties) = preSolution
		HideSolutionNode = FALSE
	EndGlobalSection
	GlobalSection(ExtensibilityGlobals) = postSolution
		SolutionGuid = {99D9D378-F412-46C0-8D47-E0C90BB64F49}
	EndGlobalSection
EndGlobal
